{
  "name": "storage",
  "version": "1.0.0",
  "lockfileVersion": 2,
  "requires": true,
  "packages": {
    "": {
      "name": "storage",
      "version": "1.0.0",
      "license": "MIT",
      "dependencies": {
        "@types/node": "^16.4.1",
        "typescript": "^4.3.5"
      },
      "devDependencies": {
        "@types/tap": "^15.0.5"
      }
    },
    "node_modules/@types/node": {
      "version": "16.4.1",
      "resolved": "https://registry.npmjs.org/@types/node/-/node-16.4.1.tgz",
      "integrity": "sha512-UW7cbLqf/Wu5XH2RKKY1cHwUNLicIDRLMraYKz+HHAerJ0ZffUEk+fMnd8qU2JaS6cAy0r8tsaf7yqHASf/Y0Q=="
    },
    "node_modules/@types/tap": {
      "version": "15.0.5",
      "resolved": "https://registry.npmjs.org/@types/tap/-/tap-15.0.5.tgz",
      "integrity": "sha512-MaP+EgZNFAGRvVjHWv8ldrLvYBn4PnmAlzY7IL3/RPAPkOXdggTSTgLFONbnTpdQTe8+ixYGAySKAm9ESlZm1A==",
      "dev": true,
      "dependencies": {
        "@types/node": "*"
      }
    },
    "node_modules/typescript": {
      "version": "4.3.5",
      "resolved": "https://registry.npmjs.org/typescript/-/typescript-4.3.5.tgz",
      "integrity": "sha512-DqQgihaQ9cUrskJo9kIyW/+g0Vxsk8cDtZ52a3NGh0YNTfpUSArXSohyUGnvbPazEPLu398C0UxmKSOrPumUzA==",
      "bin": {
        "tsc": "bin/tsc",
        "tsserver": "bin/tsserver"
      },
      "engines": {
        "node": ">=4.2.0"
      }
    }
  },
  "dependencies": {
    "@types/node": {
      "version": "16.4.1",
      "resolved": "https://registry.npmjs.org/@types/node/-/node-16.4.1.tgz",
      "integrity": "sha512-UW7cbLqf/Wu5XH2RKKY1cHwUNLicIDRLMraYKz+HHAerJ0ZffUEk+fMnd8qU2JaS6cAy0r8tsaf7yqHASf/Y0Q=="
    },
    "@types/tap": {
      "version": "15.0.5",
      "resolved": "https://registry.npmjs.org/@types/tap/-/tap-15.0.5.tgz",
      "integrity": "sha512-MaP+EgZNFAGRvVjHWv8ldrLvYBn4PnmAlzY7IL3/RPAPkOXdggTSTgLFONbnTpdQTe8+ixYGAySKAm9ESlZm1A==",
      "dev": true,
      "requires": {
        "@types/node": "*"
      }
    },
    "typescript": {
      "version": "4.3.5",
      "resolved": "https://registry.npmjs.org/typescript/-/typescript-4.3.5.tgz",
      "integrity": "sha512-DqQgihaQ9cUrskJo9kIyW/+g0Vxsk8cDtZ52a3NGh0YNTfpUSArXSohyUGnvbPazEPLu398C0UxmKSOrPumUzA=="
    }
  }
}
